
Microsoft Visual Studio Solution File, Format Version 12.00
# Visual Studio Version 17
VisualStudioVersion = 17.3.32825.248
MinimumVisualStudioVersion = 10.0.40219.1
Project("{FAE04EC0-301F-11D3-BF4B-00C04F79EFBC}") = "youtube.export.videos.app", "youtube.export.videos.app\youtube.export.videos.app.csproj", "{558F40BF-A5A3-4A5E-BEAF-B030D73B04EA}"
EndProject
Global
	GlobalSection(SolutionConfigurationPlatforms) = preSolution
		Debug|Any CPU = Debug|Any CPU
		Release|Any CPU = Release|Any CPU
	EndGlobalSection
	GlobalSection(ProjectConfigurationPlatforms) = postSolution
		{558F40BF-A5A3-4A5E-BEAF-B030D73B04EA}.Debug|Any CPU.ActiveCfg = Debug|Any CPU
		{558F40BF-A5A3-4A5E-BEAF-B030D73B04EA}.Debug|Any CPU.Build.0 = Debug|Any CPU
		{558F40BF-A5A3-4A5E-BEAF-B030D73B04EA}.Release|Any CPU.ActiveCfg = Release|Any CPU
		{558F40BF-A5A3-4A5E-BEAF-B030D73B04EA}.Release|Any CPU.Build.0 = Release|Any CPU
	EndGlobalSection
	GlobalSection(SolutionProperties) = preSolution
		HideSolutionNode = FALSE
	EndGlobalSection
	GlobalSection(ExtensibilityGlobals) = postSolution
		SolutionGuid = {F8177062-FF1C-44D3-B18D-390805B96D1D}
	EndGlobalSection
EndGlobal
